{
  "name": "sonos-vinyl",
  "version": "1.0.0",
  "lockfileVersion": 2,
  "requires": true,
  "packages": {
    "": {
      "name": "sonos-vinyl",
      "version": "1.0.0",
      "license": "ISC",
      "dependencies": {
        "nfc-pcsc": "^0.8.0",
        "nfccard-tool": "^0.1.1"
      }
    },
    "node_modules/@pokusew/pcsclite": {
      "version": "0.6.0",
      "resolved": "https://registry.npmjs.org/@pokusew/pcsclite/-/pcsclite-0.6.0.tgz",
      "integrity": "sha512-jX7zRXM2Or5Pms1AFjNtawsXDjLiZOzOUo7Sf0put7Pnq/EKIR9g0KvTx62HtwdPpVP6hWHGydUTHgIi9PxodQ==",
      "hasInstallScript": true,
      "dependencies": {
        "bindings": "^1.5.0",
        "nan": "^2.14.0"
      }
    },
    "node_modules/bindings": {
      "version": "1.5.0",
      "resolved": "https://registry.npmjs.org/bindings/-/bindings-1.5.0.tgz",
      "integrity": "sha512-p2q/t/mhvuOj/UeLlV6566GD/guowlr0hHxClI0W9m7MWYkL1F0hLo+0Aexs9HSPCtR1SXQ0TD3MMKrXZajbiQ==",
      "dependencies": {
        "file-uri-to-path": "1.0.0"
      }
    },
    "node_modules/file-uri-to-path": {
      "version": "1.0.0",
      "resolved": "https://registry.npmjs.org/file-uri-to-path/-/file-uri-to-path-1.0.0.tgz",
      "integrity": "sha512-0Zt+s3L7Vf1biwWZ29aARiVYLx7iMGnEUl9x33fbB/j3jR81u/O2LbqK+Bm1CDSNDKVtJ/YjwY7TUd5SkeLQLw=="
    },
    "node_modules/nan": {
      "version": "2.14.2",
      "resolved": "https://registry.npmjs.org/nan/-/nan-2.14.2.tgz",
      "integrity": "sha512-M2ufzIiINKCuDfBSAUr1vWQ+vuVcA9kqx8JJUsbQi6yf1uGRyb7HfpdfUr5qLXf3B/t8dPvcjhKMmlfnP47EzQ=="
    },
    "node_modules/ndef-lib": {
      "version": "0.0.7",
      "resolved": "https://registry.npmjs.org/ndef-lib/-/ndef-lib-0.0.7.tgz",
      "integrity": "sha512-bP0z5AZy7brNOHJbbxPYPriIBrW40bBzC0v2JHigJUB9EvBUbobYEDwfQCL0zvKXggSkWDyR419X1TB1cKNy2A==",
      "dependencies": {
        "requirejs": "^2.3.5"
      }
    },
    "node_modules/nfc-pcsc": {
      "version": "0.8.0",
      "resolved": "https://registry.npmjs.org/nfc-pcsc/-/nfc-pcsc-0.8.0.tgz",
      "integrity": "sha512-jGJmlMabB+IKEAn6fIaGbe0Lp2J5mmVuBrE9TfMZ5XRIInZub3U9vUMdSlSQheep6tRSEzB8RPLimn/PL3iGVw==",
      "dependencies": {
        "@pokusew/pcsclite": "^0.6.0"
      }
    },
    "node_modules/nfccard-tool": {
      "version": "0.1.1",
      "resolved": "https://registry.npmjs.org/nfccard-tool/-/nfccard-tool-0.1.1.tgz",
      "integrity": "sha512-XZGAHWQAWpx8Tm8shgQXmFeuSttj+Msp6RP5tRPPZ+q5IxX92p13AXxaN9ILhdx+xrEYQ6Dq+wsKduwzKo2d0A==",
      "dependencies": {
        "ndef-lib": "0.0.7"
      }
    },
    "node_modules/requirejs": {
      "version": "2.3.6",
      "resolved": "https://registry.npmjs.org/requirejs/-/requirejs-2.3.6.tgz",
      "integrity": "sha512-ipEzlWQe6RK3jkzikgCupiTbTvm4S0/CAU5GlgptkN5SO6F3u0UD0K18wy6ErDqiCyP4J4YYe1HuAShvsxePLg==",
      "bin": {
        "r_js": "bin/r.js",
        "r.js": "bin/r.js"
      },
      "engines": {
        "node": ">=0.4.0"
      }
    }
  },
  "dependencies": {
    "@pokusew/pcsclite": {
      "version": "0.6.0",
      "resolved": "https://registry.npmjs.org/@pokusew/pcsclite/-/pcsclite-0.6.0.tgz",
      "integrity": "sha512-jX7zRXM2Or5Pms1AFjNtawsXDjLiZOzOUo7Sf0put7Pnq/EKIR9g0KvTx62HtwdPpVP6hWHGydUTHgIi9PxodQ==",
      "requires": {
        "bindings": "^1.5.0",
        "nan": "^2.14.0"
      }
    },
    "bindings": {
      "version": "1.5.0",
      "resolved": "https://registry.npmjs.org/bindings/-/bindings-1.5.0.tgz",
      "integrity": "sha512-p2q/t/mhvuOj/UeLlV6566GD/guowlr0hHxClI0W9m7MWYkL1F0hLo+0Aexs9HSPCtR1SXQ0TD3MMKrXZajbiQ==",
      "requires": {
        "file-uri-to-path": "1.0.0"
      }
    },
    "file-uri-to-path": {
      "version": "1.0.0",
      "resolved": "https://registry.npmjs.org/file-uri-to-path/-/file-uri-to-path-1.0.0.tgz",
      "integrity": "sha512-0Zt+s3L7Vf1biwWZ29aARiVYLx7iMGnEUl9x33fbB/j3jR81u/O2LbqK+Bm1CDSNDKVtJ/YjwY7TUd5SkeLQLw=="
    },
    "nan": {
      "version": "2.14.2",
      "resolved": "https://registry.npmjs.org/nan/-/nan-2.14.2.tgz",
      "integrity": "sha512-M2ufzIiINKCuDfBSAUr1vWQ+vuVcA9kqx8JJUsbQi6yf1uGRyb7HfpdfUr5qLXf3B/t8dPvcjhKMmlfnP47EzQ=="
    },
    "ndef-lib": {
      "version": "0.0.7",
      "resolved": "https://registry.npmjs.org/ndef-lib/-/ndef-lib-0.0.7.tgz",
      "integrity": "sha512-bP0z5AZy7brNOHJbbxPYPriIBrW40bBzC0v2JHigJUB9EvBUbobYEDwfQCL0zvKXggSkWDyR419X1TB1cKNy2A==",
      "requires": {
        "requirejs": "^2.3.5"
      }
    },
    "nfc-pcsc": {
      "version": "0.8.0",
      "resolved": "https://registry.npmjs.org/nfc-pcsc/-/nfc-pcsc-0.8.0.tgz",
      "integrity": "sha512-jGJmlMabB+IKEAn6fIaGbe0Lp2J5mmVuBrE9TfMZ5XRIInZub3U9vUMdSlSQheep6tRSEzB8RPLimn/PL3iGVw==",
      "requires": {
        "@pokusew/pcsclite": "^0.6.0"
      }
    },
    "nfccard-tool": {
      "version": "0.1.1",
      "resolved": "https://registry.npmjs.org/nfccard-tool/-/nfccard-tool-0.1.1.tgz",
      "integrity": "sha512-XZGAHWQAWpx8Tm8shgQXmFeuSttj+Msp6RP5tRPPZ+q5IxX92p13AXxaN9ILhdx+xrEYQ6Dq+wsKduwzKo2d0A==",
      "requires": {
        "ndef-lib": "0.0.7"
      }
    },
    "requirejs": {
      "version": "2.3.6",
      "resolved": "https://registry.npmjs.org/requirejs/-/requirejs-2.3.6.tgz",
      "integrity": "sha512-ipEzlWQe6RK3jkzikgCupiTbTvm4S0/CAU5GlgptkN5SO6F3u0UD0K18wy6ErDqiCyP4J4YYe1HuAShvsxePLg=="
    }
  }
}
